
Microsoft Visual Studio Solution File, Format Version 12.00
# Visual Studio Version 17
VisualStudioVersion = 17.5.002.0
MinimumVisualStudioVersion = 10.0.40219.1
Project("{9A19103F-16F7-4668-BE54-9A1E7A4F7556}") = "ChessAPIServer", "ChessAPIServer.csproj", "{58382120-8C48-4062-8EA3-A066EA0F2181}"
EndProject
Global
	GlobalSection(SolutionConfigurationPlatforms) = preSolution
		Debug|Any CPU = Debug|Any CPU
		Release|Any CPU = Release|Any CPU
	EndGlobalSection
	GlobalSection(ProjectConfigurationPlatforms) = postSolution
		{58382120-8C48-4062-8EA3-A066EA0F2181}.Debug|Any CPU.ActiveCfg = Debug|Any CPU
		{58382120-8C48-4062-8EA3-A066EA0F2181}.Debug|Any CPU.Build.0 = Debug|Any CPU
		{58382120-8C48-4062-8EA3-A066EA0F2181}.Release|Any CPU.ActiveCfg = Release|Any CPU
		{58382120-8C48-4062-8EA3-A066EA0F2181}.Release|Any CPU.Build.0 = Release|Any CPU
	EndGlobalSection
	GlobalSection(SolutionProperties) = preSolution
		HideSolutionNode = FALSE
	EndGlobalSection
	GlobalSection(ExtensibilityGlobals) = postSolution
		SolutionGuid = {DA0A2C7A-D637-4891-952B-B6F40A953D11}
	EndGlobalSection
EndGlobal
